// !$*UTF8*$!
{
	archiveVersion = 1;
	classes = {
	};
	objectVersion = 50;
	objects = {

/* Begin PBXBuildFile section */
		9E1A5CE12504F2E100A5854D /* AppDelegate.swift in Sources */ = {isa = PBXBuildFile; fileRef = 9E1A5CE02504F2E100A5854D /* AppDelegate.swift */; };
		9E1A5CE32504F2E100A5854D /* SceneDelegate.swift in Sources */ = {isa = PBXBuildFile; fileRef = 9E1A5CE22504F2E100A5854D /* SceneDelegate.swift */; };
		9E1A5CE52504F2E100A5854D /* ViewController.swift in Sources */ = {isa = PBXBuildFile; fileRef = 9E1A5CE42504F2E100A5854D /* ViewController.swift */; };
		9E1A5CE82504F2E100A5854D /* Main.storyboard in Resources */ = {isa = PBXBuildFile; fileRef = 9E1A5CE62504F2E100A5854D /* Main.storyboard */; };
		9E1A5CEA2504F2E200A5854D /* Assets.xcassets in Resources */ = {isa = PBXBuildFile; fileRef = 9E1A5CE92504F2E200A5854D /* Assets.xcassets */; };
		9E1A5CED2504F2E200A5854D /* LaunchScreen.storyboard in Resources */ = {isa = PBXBuildFile; fileRef = 9E1A5CEB2504F2E200A5854D /* LaunchScreen.storyboard */; };
		9E1A5CF82504F2E200A5854D /* XcodeintroTests.swift in Sources */ = {isa = PBXBuildFile; fileRef = 9E1A5CF72504F2E200A5854D /* XcodeintroTests.swift */; };
		9E1A5D032504F2E200A5854D /* XcodeintroUITests.swift in Sources */ = {isa = PBXBuildFile; fileRef = 9E1A5D022504F2E200A5854D /* XcodeintroUITests.swift */; };
/* End PBXBuildFile section */

/* Begin PBXContainerItemProxy section */
		9E1A5CF42504F2E200A5854D /* PBXContainerItemProxy */ = {
			isa = PBXContainerItemProxy;
			containerPortal = 9E1A5CD52504F2E100A5854D /* Project object */;
			proxyType = 1;
			remoteGlobalIDString = 9E1A5CDC2504F2E100A5854D;
			remoteInfo = Xcodeintro;
		};
		9E1A5CFF2504F2E200A5854D /* PBXContainerItemProxy */ = {
			isa = PBXContainerItemProxy;
			containerPortal = 9E1A5CD52504F2E100A5854D /* Project object */;
			proxyType = 1;
			remoteGlobalIDString = 9E1A5CDC2504F2E100A5854D;
			remoteInfo = Xcodeintro;
		};
/* End PBXContainerItemProxy section */

/* Begin PBXFileReference section */
		9E1A5CDD2504F2E100A5854D /* Xcodeintro.app */ = {isa = PBXFileReference; explicitFileType = wrapper.application; includeInIndex = 0; path = Xcodeintro.app; sourceTree = BUILT_PRODUCTS_DIR; };
		9E1A5CE02504F2E100A5854D /* AppDelegate.swift */ = {isa = PBXFileReference; lastKnownFileType = sourcecode.swift; path = AppDelegate.swift; sourceTree = "<group>"; };
		9E1A5CE22504F2E100A5854D /* SceneDelegate.swift */ = {isa = PBXFileReference; lastKnownFileType = sourcecode.swift; path = SceneDelegate.swift; sourceTree = "<group>"; };
		9E1A5CE42504F2E100A5854D /* ViewController.swift */ = {isa = PBXFileReference; lastKnownFileType = sourcecode.swift; path = ViewController.swift; sourceTree = "<group>"; };
		9E1A5CE72504F2E100A5854D /* Base */ = {isa = PBXFileReference; lastKnownFileType = file.storyboard; name = Base; path = Base.lproj/Main.storyboard; sourceTree = "<group>"; };
		9E1A5CE92504F2E200A5854D /* Assets.xcassets */ = {isa = PBXFileReference; lastKnownFileType = folder.assetcatalog; path = Assets.xcassets; sourceTree = "<group>"; };
		9E1A5CEC2504F2E200A5854D /* Base */ = {isa = PBXFileReference; lastKnownFileType = file.storyboard; name = Base; path = Base.lproj/LaunchScreen.storyboard; sourceTree = "<group>"; };
		9E1A5CEE2504F2E200A5854D /* Info.plist */ = {isa = PBXFileReference; lastKnownFileType = text.plist.xml; path = Info.plist; sourceTree = "<group>"; };
		9E1A5CF32504F2E200A5854D /* XcodeintroTests.xctest */ = {isa = PBXFileReference; explicitFileType = wrapper.cfbundle; includeInIndex = 0; path = XcodeintroTests.xctest; sourceTree = BUILT_PRODUCTS_DIR; };
		9E1A5CF72504F2E200A5854D /* XcodeintroTests.swift */ = {isa = PBXFileReference; lastKnownFileType = sourcecode.swift; path = XcodeintroTests.swift; sourceTree = "<group>"; };
		9E1A5CF92504F2E200A5854D /* Info.plist */ = {isa = PBXFileReference; lastKnownFileType = text.plist.xml; path = Info.plist; sourceTree = "<group>"; };
		9E1A5CFE2504F2E200A5854D /* XcodeintroUITests.xctest */ = {isa = PBXFileReference; explicitFileType = wrapper.cfbundle; includeInIndex = 0; path = XcodeintroUITests.xctest; sourceTree = BUILT_PRODUCTS_DIR; };
		9E1A5D022504F2E200A5854D /* XcodeintroUITests.swift */ = {isa = PBXFileReference; lastKnownFileType = sourcecode.swift; path = XcodeintroUITests.swift; sourceTree = "<group>"; };
		9E1A5D042504F2E200A5854D /* Info.plist */ = {isa = PBXFileReference; lastKnownFileType = text.plist.xml; path = Info.plist; sourceTree = "<group>"; };
/* End PBXFileReference section */

/* Begin PBXFrameworksBuildPhase section */
		9E1A5CDA2504F2E100A5854D /* Frameworks */ = {
			isa = PBXFrameworksBuildPhase;
			buildActionMask = 2147483647;
			files = (
			);
			runOnlyForDeploymentPostprocessing = 0;
		};
		9E1A5CF02504F2E200A5854D /* Frameworks */ = {
			isa = PBXFrameworksBuildPhase;
			buildActionMask = 2147483647;
			files = (
			);
			runOnlyForDeploymentPostprocessing = 0;
		};
		9E1A5CFB2504F2E200A5854D /* Frameworks */ = {
			isa = PBXFrameworksBuildPhase;
			buildActionMask = 2147483647;
			files = (
			);
			runOnlyForDeploymentPostprocessing = 0;
		};
/* End PBXFrameworksBuildPhase section */

/* Begin PBXGroup section */
		9E1A5CD42504F2E100A5854D = {
			isa = PBXGroup;
			children = (
				9E1A5CDF2504F2E100A5854D /* Xcodeintro */,
				9E1A5CF62504F2E200A5854D /* XcodeintroTests */,
				9E1A5D012504F2E200A5854D /* XcodeintroUITests */,
				9E1A5CDE2504F2E100A5854D /* Products */,
			);
			sourceTree = "<group>";
		};
		9E1A5CDE2504F2E100A5854D /* Products */ = {
			isa = PBXGroup;
			children = (
				9E1A5CDD2504F2E100A5854D /* Xcodeintro.app */,
				9E1A5CF32504F2E200A5854D /* XcodeintroTests.xctest */,
				9E1A5CFE2504F2E200A5854D /* XcodeintroUITests.xctest */,
			);
			name = Products;
			sourceTree = "<group>";
		};
		9E1A5CDF2504F2E100A5854D /* Xcodeintro */ = {
			isa = PBXGroup;
			children = (
				9E1A5CE02504F2E100A5854D /* AppDelegate.swift */,
				9E1A5CE22504F2E100A5854D /* SceneDelegate.swift */,
				9E1A5CE42504F2E100A5854D /* ViewController.swift */,
				9E1A5CE62504F2E100A5854D /* Main.storyboard */,
				9E1A5CE92504F2E200A5854D /* Assets.xcassets */,
				9E1A5CEB2504F2E200A5854D /* LaunchScreen.storyboard */,
				9E1A5CEE2504F2E200A5854D /* Info.plist */,
			);
			path = Xcodeintro;
			sourceTree = "<group>";
		};
		9E1A5CF62504F2E200A5854D /* XcodeintroTests */ = {
			isa = PBXGroup;
			children = (
				9E1A5CF72504F2E200A5854D /* XcodeintroTests.swift */,
				9E1A5CF92504F2E200A5854D /* Info.plist */,
			);
			path = XcodeintroTests;
			sourceTree = "<group>";
		};
		9E1A5D012504F2E200A5854D /* XcodeintroUITests */ = {
			isa = PBXGroup;
			children = (
				9E1A5D022504F2E200A5854D /* XcodeintroUITests.swift */,
				9E1A5D042504F2E200A5854D /* Info.plist */,
			);
			path = XcodeintroUITests;
			sourceTree = "<group>";
		};
/* End PBXGroup section */

/* Begin PBXNativeTarget section */
		9E1A5CDC2504F2E100A5854D /* Xcodeintro */ = {
			isa = PBXNativeTarget;
			buildConfigurationList = 9E1A5D072504F2E200A5854D /* Build configuration list for PBXNativeTarget "Xcodeintro" */;
			buildPhases = (
				9E1A5CD92504F2E100A5854D /* Sources */,
				9E1A5CDA2504F2E100A5854D /* Frameworks */,
				9E1A5CDB2504F2E100A5854D /* Resources */,
			);
			buildRules = (
			);
			dependencies = (
			);
			name = Xcodeintro;
			productName = Xcodeintro;
			productReference = 9E1A5CDD2504F2E100A5854D /* Xcodeintro.app */;
			productType = "com.apple.product-type.application";
		};
		9E1A5CF22504F2E200A5854D /* XcodeintroTests */ = {
			isa = PBXNativeTarget;
			buildConfigurationList = 9E1A5D0A2504F2E200A5854D /* Build configuration list for PBXNativeTarget "XcodeintroTests" */;
			buildPhases = (
				9E1A5CEF2504F2E200A5854D /* Sources */,
				9E1A5CF02504F2E200A5854D /* Frameworks */,
				9E1A5CF12504F2E200A5854D /* Resources */,
			);
			buildRules = (
			);
			dependencies = (
				9E1A5CF52504F2E200A5854D /* PBXTargetDependency */,
			);
			name = XcodeintroTests;
			productName = XcodeintroTests;
			productReference = 9E1A5CF32504F2E200A5854D /* XcodeintroTests.xctest */;
			productType = "com.apple.product-type.bundle.unit-test";
		};
		9E1A5CFD2504F2E200A5854D /* XcodeintroUITests */ = {
			isa = PBXNativeTarget;
			buildConfigurationList = 9E1A5D0D2504F2E200A5854D /* Build configuration list for PBXNativeTarget "XcodeintroUITests" */;
			buildPhases = (
				9E1A5CFA2504F2E200A5854D /* Sources */,
				9E1A5CFB2504F2E200A5854D /* Frameworks */,
				9E1A5CFC2504F2E200A5854D /* Resources */,
			);
			buildRules = (
			);
			dependencies = (
				9E1A5D002504F2E200A5854D /* PBXTargetDependency */,
			);
			name = XcodeintroUITests;
			productName = XcodeintroUITests;
			productReference = 9E1A5CFE2504F2E200A5854D /* XcodeintroUITests.xctest */;
			productType = "com.apple.product-type.bundle.ui-testing";
		};
/* End PBXNativeTarget section */

/* Begin PBXProject section */
		9E1A5CD52504F2E100A5854D /* Project object */ = {
			isa = PBXProject;
			attributes = {
				LastSwiftUpdateCheck = 1200;
				LastUpgradeCheck = 1200;
				TargetAttributes = {
					9E1A5CDC2504F2E100A5854D = {
						CreatedOnToolsVersion = 12.0;
					};
					9E1A5CF22504F2E200A5854D = {
						CreatedOnToolsVersion = 12.0;
						TestTargetID = 9E1A5CDC2504F2E100A5854D;
					};
					9E1A5CFD2504F2E200A5854D = {
						CreatedOnToolsVersion = 12.0;
						TestTargetID = 9E1A5CDC2504F2E100A5854D;
					};
				};
			};
			buildConfigurationList = 9E1A5CD82504F2E100A5854D /* Build configuration list for PBXProject "Xcodeintro" */;
			compatibilityVersion = "Xcode 9.3";
			developmentRegion = en;
			hasScannedForEncodings = 0;
			knownRegions = (
				en,
				Base,
			);
			mainGroup = 9E1A5CD42504F2E100A5854D;
			productRefGroup = 9E1A5CDE2504F2E100A5854D /* Products */;
			projectDirPath = "";
			projectRoot = "";
			targets = (
				9E1A5CDC2504F2E100A5854D /* Xcodeintro */,
				9E1A5CF22504F2E200A5854D /* XcodeintroTests */,
				9E1A5CFD2504F2E200A5854D /* XcodeintroUITests */,
			);
		};
/* End PBXProject section */

/* Begin PBXResourcesBuildPhase section */
		9E1A5CDB2504F2E100A5854D /* Resources */ = {
			isa = PBXResourcesBuildPhase;
			buildActionMask = 2147483647;
			files = (
				9E1A5CED2504F2E200A5854D /* LaunchScreen.storyboard in Resources */,
				9E1A5CEA2504F2E200A5854D /* Assets.xcassets in Resources */,
				9E1A5CE82504F2E100A5854D /* Main.storyboard in Resources */,
			);
			runOnlyForDeploymentPostprocessing = 0;
		};
		9E1A5CF12504F2E200A5854D /* Resources */ = {
			isa = PBXResourcesBuildPhase;
			buildActionMask = 2147483647;
			files = (
			);
			runOnlyForDeploymentPostprocessing = 0;
		};
		9E1A5CFC2504F2E200A5854D /* Resources */ = {
			isa = PBXResourcesBuildPhase;
			buildActionMask = 2147483647;
			files = (
			);
			runOnlyForDeploymentPostprocessing = 0;
		};
/* End PBXResourcesBuildPhase section */

/* Begin PBXSourcesBuildPhase section */
		9E1A5CD92504F2E100A5854D /* Sources */ = {
			isa = PBXSourcesBuildPhase;
			buildActionMask = 2147483647;
			files = (
				9E1A5CE52504F2E100A5854D /* ViewController.swift in Sources */,
				9E1A5CE12504F2E100A5854D /* AppDelegate.swift in Sources */,
				9E1A5CE32504F2E100A5854D /* SceneDelegate.swift in Sources */,
			);
			runOnlyForDeploymentPostprocessing = 0;
		};
		9E1A5CEF2504F2E200A5854D /* Sources */ = {
			isa = PBXSourcesBuildPhase;
			buildActionMask = 2147483647;
			files = (
				9E1A5CF82504F2E200A5854D /* XcodeintroTests.swift in Sources */,
			);
			runOnlyForDeploymentPostprocessing = 0;
		};
		9E1A5CFA2504F2E200A5854D /* Sources */ = {
			isa = PBXSourcesBuildPhase;
			buildActionMask = 2147483647;
			files = (
				9E1A5D032504F2E200A5854D /* XcodeintroUITests.swift in Sources */,
			);
			runOnlyForDeploymentPostprocessing = 0;
		};
/* End PBXSourcesBuildPhase section */

/* Begin PBXTargetDependency section */
		9E1A5CF52504F2E200A5854D /* PBXTargetDependency */ = {
			isa = PBXTargetDependency;
			target = 9E1A5CDC2504F2E100A5854D /* Xcodeintro */;
			targetProxy = 9E1A5CF42504F2E200A5854D /* PBXContainerItemProxy */;
		};
		9E1A5D002504F2E200A5854D /* PBXTargetDependency */ = {
			isa = PBXTargetDependency;
			target = 9E1A5CDC2504F2E100A5854D /* Xcodeintro */;
			targetProxy = 9E1A5CFF2504F2E200A5854D /* PBXContainerItemProxy */;
		};
/* End PBXTargetDependency section */

/* Begin PBXVariantGroup section */
		9E1A5CE62504F2E100A5854D /* Main.storyboard */ = {
			isa = PBXVariantGroup;
			children = (
				9E1A5CE72504F2E100A5854D /* Base */,
			);
			name = Main.storyboard;
			sourceTree = "<group>";
		};
		9E1A5CEB2504F2E200A5854D /* LaunchScreen.storyboard */ = {
			isa = PBXVariantGroup;
			children = (
				9E1A5CEC2504F2E200A5854D /* Base */,
			);
			name = LaunchScreen.storyboard;
			sourceTree = "<group>";
		};
/* End PBXVariantGroup section */

/* Begin XCBuildConfiguration section */
		9E1A5D052504F2E200A5854D /* Debug */ = {
			isa = XCBuildConfiguration;
			buildSettings = {
				ALWAYS_SEARCH_USER_PATHS = NO;
				CLANG_ANALYZER_NONNULL = YES;
				CLANG_ANALYZER_NUMBER_OBJECT_CONVERSION = YES_AGGRESSIVE;
				CLANG_CXX_LANGUAGE_STANDARD = "gnu++14";
				CLANG_CXX_LIBRARY = "libc++";
				CLANG_ENABLE_MODULES = YES;
				CLANG_ENABLE_OBJC_ARC = YES;
				CLANG_ENABLE_OBJC_WEAK = YES;
				CLANG_WARN_BLOCK_CAPTURE_AUTORELEASING = YES;
				CLANG_WARN_BOOL_CONVERSION = YES;
				CLANG_WARN_COMMA = YES;
				CLANG_WARN_CONSTANT_CONVERSION = YES;
				CLANG_WARN_DEPRECATED_OBJC_IMPLEMENTATIONS = YES;
				CLANG_WARN_DIRECT_OBJC_ISA_USAGE = YES_ERROR;
				CLANG_WARN_DOCUMENTATION_COMMENTS = YES;
				CLANG_WARN_EMPTY_BODY = YES;
				CLANG_WARN_ENUM_CONVERSION = YES;
				CLANG_WARN_INFINITE_RECURSION = YES;
				CLANG_WARN_INT_CONVERSION = YES;
				CLANG_WARN_NON_LITERAL_NULL_CONVERSION = YES;
				CLANG_WARN_OBJC_IMPLICIT_RETAIN_SELF = YES;
				CLANG_WARN_OBJC_LITERAL_CONVERSION = YES;
				CLANG_WARN_OBJC_ROOT_CLASS = YES_ERROR;
				CLANG_WARN_QUOTED_INCLUDE_IN_FRAMEWORK_HEADER = YES;
				CLANG_WARN_RANGE_LOOP_ANALYSIS = YES;
				CLANG_WARN_STRICT_PROTOTYPES = YES;
				CLANG_WARN_SUSPICIOUS_MOVE = YES;
				CLANG_WARN_UNGUARDED_AVAILABILITY = YES_AGGRESSIVE;
				CLANG_WARN_UNREACHABLE_CODE = YES;
				CLANG_WARN__DUPLICATE_METHOD_MATCH = YES;
				COPY_PHASE_STRIP = NO;
				DEBUG_INFORMATION_FORMAT = dwarf;
				ENABLE_STRICT_OBJC_MSGSEND = YES;
				ENABLE_TESTABILITY = YES;
				GCC_C_LANGUAGE_STANDARD = gnu11;
				GCC_DYNAMIC_NO_PIC = NO;
				GCC_NO_COMMON_BLOCKS = YES;
				GCC_OPTIMIZATION_LEVEL = 0;
				GCC_PREPROCESSOR_DEFINITIONS = (
					"DEBUG=1",
					"$(inherited)",
				);
				GCC_WARN_64_TO_32_BIT_CONVERSION = YES;
				GCC_WARN_ABOUT_RETURN_TYPE = YES_ERROR;
				GCC_WARN_UNDECLARED_SELECTOR = YES;
				GCC_WARN_UNINITIALIZED_AUTOS = YES_AGGRESSIVE;
				GCC_WARN_UNUSED_FUNCTION = YES;
				GCC_WARN_UNUSED_VARIABLE = YES;
				IPHONEOS_DEPLOYMENT_TARGET = 14.0;
				MTL_ENABLE_DEBUG_INFO = INCLUDE_SOURCE;
				MTL_FAST_MATH = YES;
				ONLY_ACTIVE_ARCH = YES;
				SDKROOT = iphoneos;
				SWIFT_ACTIVE_COMPILATION_CONDITIONS = DEBUG;
				SWIFT_OPTIMIZATION_LEVEL = "-Onone";
			};
			name = Debug;
		};
		9E1A5D062504F2E200A5854D /* Release */ = {
			isa = XCBuildConfiguration;
			buildSettings = {
				ALWAYS_SEARCH_USER_PATHS = NO;
				CLANG_ANALYZER_NONNULL = YES;
				CLANG_ANALYZER_NUMBER_OBJECT_CONVERSION = YES_AGGRESSIVE;
				CLANG_CXX_LANGUAGE_STANDARD = "gnu++14";
				CLANG_CXX_LIBRARY = "libc++";
				CLANG_ENABLE_MODULES = YES;
				CLANG_ENABLE_OBJC_ARC = YES;
				CLANG_ENABLE_OBJC_WEAK = YES;
				CLANG_WARN_BLOCK_CAPTURE_AUTORELEASING = YES;
				CLANG_WARN_BOOL_CONVERSION = YES;
				CLANG_WARN_COMMA = YES;
				CLANG_WARN_CONSTANT_CONVERSION = YES;
				CLANG_WARN_DEPRECATED_OBJC_IMPLEMENTATIONS = YES;
				CLANG_WARN_DIRECT_OBJC_ISA_USAGE = YES_ERROR;
				CLANG_WARN_DOCUMENTATION_COMMENTS = YES;
				CLANG_WARN_EMPTY_BODY = YES;
				CLANG_WARN_ENUM_CONVERSION = YES;
				CLANG_WARN_INFINITE_RECURSION = YES;
				CLANG_WARN_INT_CONVERSION = YES;
				CLANG_WARN_NON_LITERAL_NULL_CONVERSION = YES;
				CLANG_WARN_OBJC_IMPLICIT_RETAIN_SELF = YES;
				CLANG_WARN_OBJC_LITERAL_CONVERSION = YES;
				CLANG_WARN_OBJC_ROOT_CLASS = YES_ERROR;
				CLANG_WARN_QUOTED_INCLUDE_IN_FRAMEWORK_HEADER = YES;
				CLANG_WARN_RANGE_LOOP_ANALYSIS = YES;
				CLANG_WARN_STRICT_PROTOTYPES = YES;
				CLANG_WARN_SUSPICIOUS_MOVE = YES;
				CLANG_WARN_UNGUARDED_AVAILABILITY = YES_AGGRESSIVE;
				CLANG_WARN_UNREACHABLE_CODE = YES;
				CLANG_WARN__DUPLICATE_METHOD_MATCH = YES;
				COPY_PHASE_STRIP = NO;
				DEBUG_INFORMATION_FORMAT = "dwarf-with-dsym";
				ENABLE_NS_ASSERTIONS = NO;
				ENABLE_STRICT_OBJC_MSGSEND = YES;
				GCC_C_LANGUAGE_STANDARD = gnu11;
				GCC_NO_COMMON_BLOCKS = YES;
				GCC_WARN_64_TO_32_BIT_CONVERSION = YES;
				GCC_WARN_ABOUT_RETURN_TYPE = YES_ERROR;
				GCC_WARN_UNDECLARED_SELECTOR = YES;
				GCC_WARN_UNINITIALIZED_AUTOS = YES_AGGRESSIVE;
				GCC_WARN_UNUSED_FUNCTION = YES;
				GCC_WARN_UNUSED_VARIABLE = YES;
				IPHONEOS_DEPLOYMENT_TARGET = 14.0;
				MTL_ENABLE_DEBUG_INFO = NO;
				MTL_FAST_MATH = YES;
				SDKROOT = iphoneos;
				SWIFT_COMPILATION_MODE = wholemodule;
				SWIFT_OPTIMIZATION_LEVEL = "-O";
				VALIDATE_PRODUCT = YES;
			};
			name = Release;
		};
		9E1A5D082504F2E200A5854D /* Debug */ = {
			isa = XCBuildConfiguration;
			buildSettings = {
				ASSETCATALOG_COMPILER_APPICON_NAME = AppIcon;
				ASSETCATALOG_COMPILER_GLOBAL_ACCENT_COLOR_NAME = AccentColor;
				CODE_SIGN_STYLE = Automatic;
				INFOPLIST_FILE = Xcodeintro/Info.plist;
				LD_RUNPATH_SEARCH_PATHS = (
					"$(inherited)",
					"@executable_path/Frameworks",
				);
				PRODUCT_BUNDLE_IDENTIFIER = se.linasappar.Xcodeintro;
				PRODUCT_NAME = "$(TARGET_NAME)";
				SWIFT_VERSION = 5.0;
				TARGETED_DEVICE_FAMILY = "1,2";
			};
			name = Debug;
		};
		9E1A5D092504F2E200A5854D /* Release */ = {
			isa = XCBuildConfiguration;
			buildSettings = {
				ASSETCATALOG_COMPILER_APPICON_NAME = AppIcon;
				ASSETCATALOG_COMPILER_GLOBAL_ACCENT_COLOR_NAME = AccentColor;
				CODE_SIGN_STYLE = Automatic;
				INFOPLIST_FILE = Xcodeintro/Info.plist;
				LD_RUNPATH_SEARCH_PATHS = (
					"$(inherited)",
					"@executable_path/Frameworks",
				);
				PRODUCT_BUNDLE_IDENTIFIER = se.linasappar.Xcodeintro;
				PRODUCT_NAME = "$(TARGET_NAME)";
				SWIFT_VERSION = 5.0;
				TARGETED_DEVICE_FAMILY = "1,2";
			};
			name = Release;
		};
		9E1A5D0B2504F2E200A5854D /* Debug */ = {
			isa = XCBuildConfiguration;
			buildSettings = {
				ALWAYS_EMBED_SWIFT_STANDARD_LIBRARIES = YES;
				BUNDLE_LOADER = "$(TEST_HOST)";
				CODE_SIGN_STYLE = Automatic;
				INFOPLIST_FILE = XcodeintroTests/Info.plist;
				IPHONEOS_DEPLOYMENT_TARGET = 14.0;
				LD_RUNPATH_SEARCH_PATHS = (
					"$(inherited)",
					"@executable_path/Frameworks",
					"@loader_path/Frameworks",
				);
				PRODUCT_BUNDLE_IDENTIFIER = se.linasappar.XcodeintroTests;
				PRODUCT_NAME = "$(TARGET_NAME)";
				SWIFT_VERSION = 5.0;
				TARGETED_DEVICE_FAMILY = "1,2";
				TEST_HOST = "$(BUILT_PRODUCTS_DIR)/Xcodeintro.app/Xcodeintro";
			};
			name = Debug;
		};
		9E1A5D0C2504F2E200A5854D /* Release */ = {
			isa = XCBuildConfiguration;
			buildSettings = {
				ALWAYS_EMBED_SWIFT_STANDARD_LIBRARIES = YES;
				BUNDLE_LOADER = "$(TEST_HOST)";
				CODE_SIGN_STYLE = Automatic;
				INFOPLIST_FILE = XcodeintroTests/Info.plist;
				IPHONEOS_DEPLOYMENT_TARGET = 14.0;
				LD_RUNPATH_SEARCH_PATHS = (
					"$(inherited)",
					"@executable_path/Frameworks",
					"@loader_path/Frameworks",
				);
				PRODUCT_BUNDLE_IDENTIFIER = se.linasappar.XcodeintroTests;
				PRODUCT_NAME = "$(TARGET_NAME)";
				SWIFT_VERSION = 5.0;
				TARGETED_DEVICE_FAMILY = "1,2";
				TEST_HOST = "$(BUILT_PRODUCTS_DIR)/Xcodeintro.app/Xcodeintro";
			};
			name = Release;
		};
		9E1A5D0E2504F2E200A5854D /* Debug */ = {
			isa = XCBuildConfiguration;
			buildSettings = {
				ALWAYS_EMBED_SWIFT_STANDARD_LIBRARIES = YES;
				CODE_SIGN_STYLE = Automatic;
				INFOPLIST_FILE = XcodeintroUITests/Info.plist;
				LD_RUNPATH_SEARCH_PATHS = (
					"$(inherited)",
					"@executable_path/Frameworks",
					"@loader_path/Frameworks",
				);
				PRODUCT_BUNDLE_IDENTIFIER = se.linasappar.XcodeintroUITests;
				PRODUCT_NAME = "$(TARGET_NAME)";
				SWIFT_VERSION = 5.0;
				TARGETED_DEVICE_FAMILY = "1,2";
				TEST_TARGET_NAME = Xcodeintro;
			};
			name = Debug;
		};
		9E1A5D0F2504F2E200A5854D /* Release */ = {
			isa = XCBuildConfiguration;
			buildSettings = {
				ALWAYS_EMBED_SWIFT_STANDARD_LIBRARIES = YES;
				CODE_SIGN_STYLE = Automatic;
				INFOPLIST_FILE = XcodeintroUITests/Info.plist;
				LD_RUNPATH_SEARCH_PATHS = (
					"$(inherited)",
					"@executable_path/Frameworks",
					"@loader_path/Frameworks",
				);
				PRODUCT_BUNDLE_IDENTIFIER = se.linasappar.XcodeintroUITests;
				PRODUCT_NAME = "$(TARGET_NAME)";
				SWIFT_VERSION = 5.0;
				TARGETED_DEVICE_FAMILY = "1,2";
				TEST_TARGET_NAME = Xcodeintro;
			};
			name = Release;
		};
/* End XCBuildConfiguration section */

/* Begin XCConfigurationList section */
		9E1A5CD82504F2E100A5854D /* Build configuration list for PBXProject "Xcodeintro" */ = {
			isa = XCConfigurationList;
			buildConfigurations = (
				9E1A5D052504F2E200A5854D /* Debug */,
				9E1A5D062504F2E200A5854D /* Release */,
			);
			defaultConfigurationIsVisible = 0;
			defaultConfigurationName = Release;
		};
		9E1A5D072504F2E200A5854D /* Build configuration list for PBXNativeTarget "Xcodeintro" */ = {
			isa = XCConfigurationList;
			buildConfigurations = (
				9E1A5D082504F2E200A5854D /* Debug */,
				9E1A5D092504F2E200A5854D /* Release */,
			);
			defaultConfigurationIsVisible = 0;
			defaultConfigurationName = Release;
		};
		9E1A5D0A2504F2E200A5854D /* Build configuration list for PBXNativeTarget "XcodeintroTests" */ = {
			isa = XCConfigurationList;
			buildConfigurations = (
				9E1A5D0B2504F2E200A5854D /* Debug */,
				9E1A5D0C2504F2E200A5854D /* Release */,
			);
			defaultConfigurationIsVisible = 0;
			defaultConfigurationName = Release;
		};
		9E1A5D0D2504F2E200A5854D /* Build configuration list for PBXNativeTarget "XcodeintroUITests" */ = {
			isa = XCConfigurationList;
			buildConfigurations = (
				9E1A5D0E2504F2E200A5854D /* Debug */,
				9E1A5D0F2504F2E200A5854D /* Release */,
			);
			defaultConfigurationIsVisible = 0;
			defaultConfigurationName = Release;
		};
/* End XCConfigurationList section */
	};
	rootObject = 9E1A5CD52504F2E100A5854D /* Project object */;
}
